// !$*UTF8*$!
{
	archiveVersion = 1;
	classes = {
	};
	objectVersion = 55;
	objects = {

/* Begin PBXBuildFile section */
		90740C5B27987E8A00C2DA36 /* RegenerationApp.swift in Sources */ = {isa = PBXBuildFile; fileRef = 90740C5A27987E8A00C2DA36 /* RegenerationApp.swift */; };
		90740C5D27987E8A00C2DA36 /* ContentView.swift in Sources */ = {isa = PBXBuildFile; fileRef = 90740C5C27987E8A00C2DA36 /* ContentView.swift */; };
		90740C5F27987E8C00C2DA36 /* Assets.xcassets in Resources */ = {isa = PBXBuildFile; fileRef = 90740C5E27987E8C00C2DA36 /* Assets.xcassets */; };
		90740C6227987E8C00C2DA36 /* Preview Assets.xcassets in Resources */ = {isa = PBXBuildFile; fileRef = 90740C6127987E8C00C2DA36 /* Preview Assets.xcassets */; };
		90740C6427987E8C00C2DA36 /* Persistence.swift in Sources */ = {isa = PBXBuildFile; fileRef = 90740C6327987E8C00C2DA36 /* Persistence.swift */; };
		90740C6727987E8C00C2DA36 /* Regeneration.xcdatamodeld in Sources */ = {isa = PBXBuildFile; fileRef = 90740C6527987E8C00C2DA36 /* Regeneration.xcdatamodeld */; };
		90740C7127987E8C00C2DA36 /* RegenerationTests.swift in Sources */ = {isa = PBXBuildFile; fileRef = 90740C7027987E8C00C2DA36 /* RegenerationTests.swift */; };
		90740C7B27987E8C00C2DA36 /* RegenerationUITests.swift in Sources */ = {isa = PBXBuildFile; fileRef = 90740C7A27987E8C00C2DA36 /* RegenerationUITests.swift */; };
		90740C7D27987E8C00C2DA36 /* RegenerationUITestsLaunchTests.swift in Sources */ = {isa = PBXBuildFile; fileRef = 90740C7C27987E8C00C2DA36 /* RegenerationUITestsLaunchTests.swift */; };
		908795E427AF726200D7091A /* ImagePicker.swift in Sources */ = {isa = PBXBuildFile; fileRef = 908795E327AF726200D7091A /* ImagePicker.swift */; };
		908795E627AFB5C100D7091A /* ReceiptViewModel.swift in Sources */ = {isa = PBXBuildFile; fileRef = 908795E527AFB5C100D7091A /* ReceiptViewModel.swift */; };
		908795E827AFB65800D7091A /* ReceiptModel.swift in Sources */ = {isa = PBXBuildFile; fileRef = 908795E727AFB65800D7091A /* ReceiptModel.swift */; };
		908795EA27B083D000D7091A /* ReceiptModalView.swift in Sources */ = {isa = PBXBuildFile; fileRef = 908795E927B083D000D7091A /* ReceiptModalView.swift */; };
		90B54D0C279AD0D0007D1189 /* ReceiptView.swift in Sources */ = {isa = PBXBuildFile; fileRef = 90B54D0B279AD0D0007D1189 /* ReceiptView.swift */; };
		90B54D0E279AD0D9007D1189 /* TabBarView.swift in Sources */ = {isa = PBXBuildFile; fileRef = 90B54D0D279AD0D9007D1189 /* TabBarView.swift */; };
		90B54D10279AD0ED007D1189 /* SettingView.swift in Sources */ = {isa = PBXBuildFile; fileRef = 90B54D0F279AD0ED007D1189 /* SettingView.swift */; };
		90B54D12279AD0FB007D1189 /* SettingModel.swift in Sources */ = {isa = PBXBuildFile; fileRef = 90B54D11279AD0FB007D1189 /* SettingModel.swift */; };
		90B54D14279AD112007D1189 /* SettingViewModel.swift in Sources */ = {isa = PBXBuildFile; fileRef = 90B54D13279AD112007D1189 /* SettingViewModel.swift */; };
		90BE8CE627BFA84C006E9AE6 /* CustomerView.swift in Sources */ = {isa = PBXBuildFile; fileRef = 90BE8CE527BFA84C006E9AE6 /* CustomerView.swift */; };
		90BE8CE827BFB0B8006E9AE6 /* CompanyView.swift in Sources */ = {isa = PBXBuildFile; fileRef = 90BE8CE727BFB0B8006E9AE6 /* CompanyView.swift */; };
/* End PBXBuildFile section */

/* Begin PBXContainerItemProxy section */
		90740C6D27987E8C00C2DA36 /* PBXContainerItemProxy */ = {
			isa = PBXContainerItemProxy;
			containerPortal = 90740C4F27987E8A00C2DA36 /* Project object */;
			proxyType = 1;
			remoteGlobalIDString = 90740C5627987E8A00C2DA36;
			remoteInfo = Regeneration;
		};
		90740C7727987E8C00C2DA36 /* PBXContainerItemProxy */ = {
			isa = PBXContainerItemProxy;
			containerPortal = 90740C4F27987E8A00C2DA36 /* Project object */;
			proxyType = 1;
			remoteGlobalIDString = 90740C5627987E8A00C2DA36;
			remoteInfo = Regeneration;
		};
/* End PBXContainerItemProxy section */

/* Begin PBXFileReference section */
		90740C5727987E8A00C2DA36 /* Regeneration.app */ = {isa = PBXFileReference; explicitFileType = wrapper.application; includeInIndex = 0; path = Regeneration.app; sourceTree = BUILT_PRODUCTS_DIR; };
		90740C5A27987E8A00C2DA36 /* RegenerationApp.swift */ = {isa = PBXFileReference; lastKnownFileType = sourcecode.swift; path = RegenerationApp.swift; sourceTree = "<group>"; };
		90740C5C27987E8A00C2DA36 /* ContentView.swift */ = {isa = PBXFileReference; lastKnownFileType = sourcecode.swift; path = ContentView.swift; sourceTree = "<group>"; };
		90740C5E27987E8C00C2DA36 /* Assets.xcassets */ = {isa = PBXFileReference; lastKnownFileType = folder.assetcatalog; path = Assets.xcassets; sourceTree = "<group>"; };
		90740C6127987E8C00C2DA36 /* Preview Assets.xcassets */ = {isa = PBXFileReference; lastKnownFileType = folder.assetcatalog; path = "Preview Assets.xcassets"; sourceTree = "<group>"; };
		90740C6327987E8C00C2DA36 /* Persistence.swift */ = {isa = PBXFileReference; lastKnownFileType = sourcecode.swift; path = Persistence.swift; sourceTree = "<group>"; };
		90740C6627987E8C00C2DA36 /* Regeneration.xcdatamodel */ = {isa = PBXFileReference; lastKnownFileType = wrapper.xcdatamodel; path = Regeneration.xcdatamodel; sourceTree = "<group>"; };
		90740C6C27987E8C00C2DA36 /* RegenerationTests.xctest */ = {isa = PBXFileReference; explicitFileType = wrapper.cfbundle; includeInIndex = 0; path = RegenerationTests.xctest; sourceTree = BUILT_PRODUCTS_DIR; };
		90740C7027987E8C00C2DA36 /* RegenerationTests.swift */ = {isa = PBXFileReference; lastKnownFileType = sourcecode.swift; path = RegenerationTests.swift; sourceTree = "<group>"; };
		90740C7627987E8C00C2DA36 /* RegenerationUITests.xctest */ = {isa = PBXFileReference; explicitFileType = wrapper.cfbundle; includeInIndex = 0; path = RegenerationUITests.xctest; sourceTree = BUILT_PRODUCTS_DIR; };
		90740C7A27987E8C00C2DA36 /* RegenerationUITests.swift */ = {isa = PBXFileReference; lastKnownFileType = sourcecode.swift; path = RegenerationUITests.swift; sourceTree = "<group>"; };
		90740C7C27987E8C00C2DA36 /* RegenerationUITestsLaunchTests.swift */ = {isa = PBXFileReference; lastKnownFileType = sourcecode.swift; path = RegenerationUITestsLaunchTests.swift; sourceTree = "<group>"; };
		908795E327AF726200D7091A /* ImagePicker.swift */ = {isa = PBXFileReference; lastKnownFileType = sourcecode.swift; path = ImagePicker.swift; sourceTree = "<group>"; };
		908795E527AFB5C100D7091A /* ReceiptViewModel.swift */ = {isa = PBXFileReference; lastKnownFileType = sourcecode.swift; path = ReceiptViewModel.swift; sourceTree = "<group>"; };
		908795E727AFB65800D7091A /* ReceiptModel.swift */ = {isa = PBXFileReference; lastKnownFileType = sourcecode.swift; path = ReceiptModel.swift; sourceTree = "<group>"; };
		908795E927B083D000D7091A /* ReceiptModalView.swift */ = {isa = PBXFileReference; lastKnownFileType = sourcecode.swift; path = ReceiptModalView.swift; sourceTree = "<group>"; };
		90B54D0B279AD0D0007D1189 /* ReceiptView.swift */ = {isa = PBXFileReference; lastKnownFileType = sourcecode.swift; path = ReceiptView.swift; sourceTree = "<group>"; };
		90B54D0D279AD0D9007D1189 /* TabBarView.swift */ = {isa = PBXFileReference; lastKnownFileType = sourcecode.swift; path = TabBarView.swift; sourceTree = "<group>"; };
		90B54D0F279AD0ED007D1189 /* SettingView.swift */ = {isa = PBXFileReference; lastKnownFileType = sourcecode.swift; path = SettingView.swift; sourceTree = "<group>"; };
		90B54D11279AD0FB007D1189 /* SettingModel.swift */ = {isa = PBXFileReference; lastKnownFileType = sourcecode.swift; path = SettingModel.swift; sourceTree = "<group>"; };
		90B54D13279AD112007D1189 /* SettingViewModel.swift */ = {isa = PBXFileReference; lastKnownFileType = sourcecode.swift; path = SettingViewModel.swift; sourceTree = "<group>"; };
		90BE8CE527BFA84C006E9AE6 /* CustomerView.swift */ = {isa = PBXFileReference; lastKnownFileType = sourcecode.swift; path = CustomerView.swift; sourceTree = "<group>"; };
		90BE8CE727BFB0B8006E9AE6 /* CompanyView.swift */ = {isa = PBXFileReference; lastKnownFileType = sourcecode.swift; path = CompanyView.swift; sourceTree = "<group>"; };
/* End PBXFileReference section */

/* Begin PBXFrameworksBuildPhase section */
		90740C5427987E8A00C2DA36 /* Frameworks */ = {
			isa = PBXFrameworksBuildPhase;
			buildActionMask = 2147483647;
			files = (
			);
			runOnlyForDeploymentPostprocessing = 0;
		};
		90740C6927987E8C00C2DA36 /* Frameworks */ = {
			isa = PBXFrameworksBuildPhase;
			buildActionMask = 2147483647;
			files = (
			);
			runOnlyForDeploymentPostprocessing = 0;
		};
		90740C7327987E8C00C2DA36 /* Frameworks */ = {
			isa = PBXFrameworksBuildPhase;
			buildActionMask = 2147483647;
			files = (
			);
			runOnlyForDeploymentPostprocessing = 0;
		};
/* End PBXFrameworksBuildPhase section */

/* Begin PBXGroup section */
		90740C4E27987E8A00C2DA36 = {
			isa = PBXGroup;
			children = (
				90740C5927987E8A00C2DA36 /* Regeneration */,
				90740C6F27987E8C00C2DA36 /* RegenerationTests */,
				90740C7927987E8C00C2DA36 /* RegenerationUITests */,
				90740C5827987E8A00C2DA36 /* Products */,
			);
			sourceTree = "<group>";
		};
		90740C5827987E8A00C2DA36 /* Products */ = {
			isa = PBXGroup;
			children = (
				90740C5727987E8A00C2DA36 /* Regeneration.app */,
				90740C6C27987E8C00C2DA36 /* RegenerationTests.xctest */,
				90740C7627987E8C00C2DA36 /* RegenerationUITests.xctest */,
			);
			name = Products;
			sourceTree = "<group>";
		};
		90740C5927987E8A00C2DA36 /* Regeneration */ = {
			isa = PBXGroup;
			children = (
				908795E227AF725100D7091A /* Helpers */,
				90B54D0A279AD0BD007D1189 /* ViewModels */,
				90B54D09279AD0B5007D1189 /* Models */,
				90B54D08279AD0AE007D1189 /* Views */,
				90740C5A27987E8A00C2DA36 /* RegenerationApp.swift */,
				90740C5C27987E8A00C2DA36 /* ContentView.swift */,
				90740C5E27987E8C00C2DA36 /* Assets.xcassets */,
				90740C6327987E8C00C2DA36 /* Persistence.swift */,
				90740C6527987E8C00C2DA36 /* Regeneration.xcdatamodeld */,
				90740C6027987E8C00C2DA36 /* Preview Content */,
			);
			path = Regeneration;
			sourceTree = "<group>";
		};
		90740C6027987E8C00C2DA36 /* Preview Content */ = {
			isa = PBXGroup;
			children = (
				90740C6127987E8C00C2DA36 /* Preview Assets.xcassets */,
			);
			path = "Preview Content";
			sourceTree = "<group>";
		};
		90740C6F27987E8C00C2DA36 /* RegenerationTests */ = {
			isa = PBXGroup;
			children = (
				90740C7027987E8C00C2DA36 /* RegenerationTests.swift */,
			);
			path = RegenerationTests;
			sourceTree = "<group>";
		};
		90740C7927987E8C00C2DA36 /* RegenerationUITests */ = {
			isa = PBXGroup;
			children = (
				90740C7A27987E8C00C2DA36 /* RegenerationUITests.swift */,
				90740C7C27987E8C00C2DA36 /* RegenerationUITestsLaunchTests.swift */,
			);
			path = RegenerationUITests;
			sourceTree = "<group>";
		};
		908795E227AF725100D7091A /* Helpers */ = {
			isa = PBXGroup;
			children = (
				908795E327AF726200D7091A /* ImagePicker.swift */,
			);
			path = Helpers;
			sourceTree = "<group>";
		};
		90B54D08279AD0AE007D1189 /* Views */ = {
			isa = PBXGroup;
			children = (
				90B54D0B279AD0D0007D1189 /* ReceiptView.swift */,
				90B54D0D279AD0D9007D1189 /* TabBarView.swift */,
				90B54D0F279AD0ED007D1189 /* SettingView.swift */,
				908795E927B083D000D7091A /* ReceiptModalView.swift */,
				90BE8CE527BFA84C006E9AE6 /* CustomerView.swift */,
				90BE8CE727BFB0B8006E9AE6 /* CompanyView.swift */,
			);
			path = Views;
			sourceTree = "<group>";
		};
		90B54D09279AD0B5007D1189 /* Models */ = {
			isa = PBXGroup;
			children = (
				90B54D11279AD0FB007D1189 /* SettingModel.swift */,
				908795E727AFB65800D7091A /* ReceiptModel.swift */,
			);
			path = Models;
			sourceTree = "<group>";
		};
		90B54D0A279AD0BD007D1189 /* ViewModels */ = {
			isa = PBXGroup;
			children = (
				90B54D13279AD112007D1189 /* SettingViewModel.swift */,
				908795E527AFB5C100D7091A /* ReceiptViewModel.swift */,
			);
			path = ViewModels;
			sourceTree = "<group>";
		};
/* End PBXGroup section */

/* Begin PBXNativeTarget section */
		90740C5627987E8A00C2DA36 /* Regeneration */ = {
			isa = PBXNativeTarget;
			buildConfigurationList = 90740C8027987E8C00C2DA36 /* Build configuration list for PBXNativeTarget "Regeneration" */;
			buildPhases = (
				90740C5327987E8A00C2DA36 /* Sources */,
				90740C5427987E8A00C2DA36 /* Frameworks */,
				90740C5527987E8A00C2DA36 /* Resources */,
			);
			buildRules = (
			);
			dependencies = (
			);
			name = Regeneration;
			productName = Regeneration;
			productReference = 90740C5727987E8A00C2DA36 /* Regeneration.app */;
			productType = "com.apple.product-type.application";
		};
		90740C6B27987E8C00C2DA36 /* RegenerationTests */ = {
			isa = PBXNativeTarget;
			buildConfigurationList = 90740C8327987E8C00C2DA36 /* Build configuration list for PBXNativeTarget "RegenerationTests" */;
			buildPhases = (
				90740C6827987E8C00C2DA36 /* Sources */,
				90740C6927987E8C00C2DA36 /* Frameworks */,
				90740C6A27987E8C00C2DA36 /* Resources */,
			);
			buildRules = (
			);
			dependencies = (
				90740C6E27987E8C00C2DA36 /* PBXTargetDependency */,
			);
			name = RegenerationTests;
			productName = RegenerationTests;
			productReference = 90740C6C27987E8C00C2DA36 /* RegenerationTests.xctest */;
			productType = "com.apple.product-type.bundle.unit-test";
		};
		90740C7527987E8C00C2DA36 /* RegenerationUITests */ = {
			isa = PBXNativeTarget;
			buildConfigurationList = 90740C8627987E8C00C2DA36 /* Build configuration list for PBXNativeTarget "RegenerationUITests" */;
			buildPhases = (
				90740C7227987E8C00C2DA36 /* Sources */,
				90740C7327987E8C00C2DA36 /* Frameworks */,
				90740C7427987E8C00C2DA36 /* Resources */,
			);
			buildRules = (
			);
			dependencies = (
				90740C7827987E8C00C2DA36 /* PBXTargetDependency */,
			);
			name = RegenerationUITests;
			productName = RegenerationUITests;
			productReference = 90740C7627987E8C00C2DA36 /* RegenerationUITests.xctest */;
			productType = "com.apple.product-type.bundle.ui-testing";
		};
/* End PBXNativeTarget section */

/* Begin PBXProject section */
		90740C4F27987E8A00C2DA36 /* Project object */ = {
			isa = PBXProject;
			attributes = {
				BuildIndependentTargetsInParallel = 1;
				LastSwiftUpdateCheck = 1320;
				LastUpgradeCheck = 1320;
				TargetAttributes = {
					90740C5627987E8A00C2DA36 = {
						CreatedOnToolsVersion = 13.2.1;
					};
					90740C6B27987E8C00C2DA36 = {
						CreatedOnToolsVersion = 13.2.1;
						TestTargetID = 90740C5627987E8A00C2DA36;
					};
					90740C7527987E8C00C2DA36 = {
						CreatedOnToolsVersion = 13.2.1;
						TestTargetID = 90740C5627987E8A00C2DA36;
					};
				};
			};
			buildConfigurationList = 90740C5227987E8A00C2DA36 /* Build configuration list for PBXProject "Regeneration" */;
			compatibilityVersion = "Xcode 13.0";
			developmentRegion = en;
			hasScannedForEncodings = 0;
			knownRegions = (
				en,
				Base,
			);
			mainGroup = 90740C4E27987E8A00C2DA36;
			productRefGroup = 90740C5827987E8A00C2DA36 /* Products */;
			projectDirPath = "";
			projectRoot = "";
			targets = (
				90740C5627987E8A00C2DA36 /* Regeneration */,
				90740C6B27987E8C00C2DA36 /* RegenerationTests */,
				90740C7527987E8C00C2DA36 /* RegenerationUITests */,
			);
		};
/* End PBXProject section */

/* Begin PBXResourcesBuildPhase section */
		90740C5527987E8A00C2DA36 /* Resources */ = {
			isa = PBXResourcesBuildPhase;
			buildActionMask = 2147483647;
			files = (
				90740C6227987E8C00C2DA36 /* Preview Assets.xcassets in Resources */,
				90740C5F27987E8C00C2DA36 /* Assets.xcassets in Resources */,
			);
			runOnlyForDeploymentPostprocessing = 0;
		};
		90740C6A27987E8C00C2DA36 /* Resources */ = {
			isa = PBXResourcesBuildPhase;
			buildActionMask = 2147483647;
			files = (
			);
			runOnlyForDeploymentPostprocessing = 0;
		};
		90740C7427987E8C00C2DA36 /* Resources */ = {
			isa = PBXResourcesBuildPhase;
			buildActionMask = 2147483647;
			files = (
			);
			runOnlyForDeploymentPostprocessing = 0;
		};
/* End PBXResourcesBuildPhase section */

/* Begin PBXSourcesBuildPhase section */
		90740C5327987E8A00C2DA36 /* Sources */ = {
			isa = PBXSourcesBuildPhase;
			buildActionMask = 2147483647;
			files = (
				908795E627AFB5C100D7091A /* ReceiptViewModel.swift in Sources */,
				90740C6727987E8C00C2DA36 /* Regeneration.xcdatamodeld in Sources */,
				908795E827AFB65800D7091A /* ReceiptModel.swift in Sources */,
				90740C6427987E8C00C2DA36 /* Persistence.swift in Sources */,
				90BE8CE627BFA84C006E9AE6 /* CustomerView.swift in Sources */,
				90B54D0C279AD0D0007D1189 /* ReceiptView.swift in Sources */,
				908795EA27B083D000D7091A /* ReceiptModalView.swift in Sources */,
				90B54D10279AD0ED007D1189 /* SettingView.swift in Sources */,
				90BE8CE827BFB0B8006E9AE6 /* CompanyView.swift in Sources */,
				90740C5D27987E8A00C2DA36 /* ContentView.swift in Sources */,
				90B54D12279AD0FB007D1189 /* SettingModel.swift in Sources */,
				90B54D0E279AD0D9007D1189 /* TabBarView.swift in Sources */,
				908795E427AF726200D7091A /* ImagePicker.swift in Sources */,
				90B54D14279AD112007D1189 /* SettingViewModel.swift in Sources */,
				90740C5B27987E8A00C2DA36 /* RegenerationApp.swift in Sources */,
			);
			runOnlyForDeploymentPostprocessing = 0;
		};
		90740C6827987E8C00C2DA36 /* Sources */ = {
			isa = PBXSourcesBuildPhase;
			buildActionMask = 2147483647;
			files = (
				90740C7127987E8C00C2DA36 /* RegenerationTests.swift in Sources */,
			);
			runOnlyForDeploymentPostprocessing = 0;
		};
		90740C7227987E8C00C2DA36 /* Sources */ = {
			isa = PBXSourcesBuildPhase;
			buildActionMask = 2147483647;
			files = (
				90740C7B27987E8C00C2DA36 /* RegenerationUITests.swift in Sources */,
				90740C7D27987E8C00C2DA36 /* RegenerationUITestsLaunchTests.swift in Sources */,
			);
			runOnlyForDeploymentPostprocessing = 0;
		};
/* End PBXSourcesBuildPhase section */

/* Begin PBXTargetDependency section */
		90740C6E27987E8C00C2DA36 /* PBXTargetDependency */ = {
			isa = PBXTargetDependency;
			target = 90740C5627987E8A00C2DA36 /* Regeneration */;
			targetProxy = 90740C6D27987E8C00C2DA36 /* PBXContainerItemProxy */;
		};
		90740C7827987E8C00C2DA36 /* PBXTargetDependency */ = {
			isa = PBXTargetDependency;
			target = 90740C5627987E8A00C2DA36 /* Regeneration */;
			targetProxy = 90740C7727987E8C00C2DA36 /* PBXContainerItemProxy */;
		};
/* End PBXTargetDependency section */

/* Begin XCBuildConfiguration section */
		90740C7E27987E8C00C2DA36 /* Debug */ = {
			isa = XCBuildConfiguration;
			buildSettings = {
				ALWAYS_SEARCH_USER_PATHS = NO;
				CLANG_ANALYZER_NONNULL = YES;
				CLANG_ANALYZER_NUMBER_OBJECT_CONVERSION = YES_AGGRESSIVE;
				CLANG_CXX_LANGUAGE_STANDARD = "gnu++17";
				CLANG_CXX_LIBRARY = "libc++";
				CLANG_ENABLE_MODULES = YES;
				CLANG_ENABLE_OBJC_ARC = YES;
				CLANG_ENABLE_OBJC_WEAK = YES;
				CLANG_WARN_BLOCK_CAPTURE_AUTORELEASING = YES;
				CLANG_WARN_BOOL_CONVERSION = YES;
				CLANG_WARN_COMMA = YES;
				CLANG_WARN_CONSTANT_CONVERSION = YES;
				CLANG_WARN_DEPRECATED_OBJC_IMPLEMENTATIONS = YES;
				CLANG_WARN_DIRECT_OBJC_ISA_USAGE = YES_ERROR;
				CLANG_WARN_DOCUMENTATION_COMMENTS = YES;
				CLANG_WARN_EMPTY_BODY = YES;
				CLANG_WARN_ENUM_CONVERSION = YES;
				CLANG_WARN_INFINITE_RECURSION = YES;
				CLANG_WARN_INT_CONVERSION = YES;
				CLANG_WARN_NON_LITERAL_NULL_CONVERSION = YES;
				CLANG_WARN_OBJC_IMPLICIT_RETAIN_SELF = YES;
				CLANG_WARN_OBJC_LITERAL_CONVERSION = YES;
				CLANG_WARN_OBJC_ROOT_CLASS = YES_ERROR;
				CLANG_WARN_QUOTED_INCLUDE_IN_FRAMEWORK_HEADER = YES;
				CLANG_WARN_RANGE_LOOP_ANALYSIS = YES;
				CLANG_WARN_STRICT_PROTOTYPES = YES;
				CLANG_WARN_SUSPICIOUS_MOVE = YES;
				CLANG_WARN_UNGUARDED_AVAILABILITY = YES_AGGRESSIVE;
				CLANG_WARN_UNREACHABLE_CODE = YES;
				CLANG_WARN__DUPLICATE_METHOD_MATCH = YES;
				COPY_PHASE_STRIP = NO;
				DEBUG_INFORMATION_FORMAT = dwarf;
				ENABLE_STRICT_OBJC_MSGSEND = YES;
				ENABLE_TESTABILITY = YES;
				GCC_C_LANGUAGE_STANDARD = gnu11;
				GCC_DYNAMIC_NO_PIC = NO;
				GCC_NO_COMMON_BLOCKS = YES;
				GCC_OPTIMIZATION_LEVEL = 0;
				GCC_PREPROCESSOR_DEFINITIONS = (
					"DEBUG=1",
					"$(inherited)",
				);
				GCC_WARN_64_TO_32_BIT_CONVERSION = YES;
				GCC_WARN_ABOUT_RETURN_TYPE = YES_ERROR;
				GCC_WARN_UNDECLARED_SELECTOR = YES;
				GCC_WARN_UNINITIALIZED_AUTOS = YES_AGGRESSIVE;
				GCC_WARN_UNUSED_FUNCTION = YES;
				GCC_WARN_UNUSED_VARIABLE = YES;
				IPHONEOS_DEPLOYMENT_TARGET = 15.2;
				MTL_ENABLE_DEBUG_INFO = INCLUDE_SOURCE;
				MTL_FAST_MATH = YES;
				ONLY_ACTIVE_ARCH = YES;
				SDKROOT = iphoneos;
				SWIFT_ACTIVE_COMPILATION_CONDITIONS = DEBUG;
				SWIFT_OPTIMIZATION_LEVEL = "-Onone";
			};
			name = Debug;
		};
		90740C7F27987E8C00C2DA36 /* Release */ = {
			isa = XCBuildConfiguration;
			buildSettings = {
				ALWAYS_SEARCH_USER_PATHS = NO;
				CLANG_ANALYZER_NONNULL = YES;
				CLANG_ANALYZER_NUMBER_OBJECT_CONVERSION = YES_AGGRESSIVE;
				CLANG_CXX_LANGUAGE_STANDARD = "gnu++17";
				CLANG_CXX_LIBRARY = "libc++";
				CLANG_ENABLE_MODULES = YES;
				CLANG_ENABLE_OBJC_ARC = YES;
				CLANG_ENABLE_OBJC_WEAK = YES;
				CLANG_WARN_BLOCK_CAPTURE_AUTORELEASING = YES;
				CLANG_WARN_BOOL_CONVERSION = YES;
				CLANG_WARN_COMMA = YES;
				CLANG_WARN_CONSTANT_CONVERSION = YES;
				CLANG_WARN_DEPRECATED_OBJC_IMPLEMENTATIONS = YES;
				CLANG_WARN_DIRECT_OBJC_ISA_USAGE = YES_ERROR;
				CLANG_WARN_DOCUMENTATION_COMMENTS = YES;
				CLANG_WARN_EMPTY_BODY = YES;
				CLANG_WARN_ENUM_CONVERSION = YES;
				CLANG_WARN_INFINITE_RECURSION = YES;
				CLANG_WARN_INT_CONVERSION = YES;
				CLANG_WARN_NON_LITERAL_NULL_CONVERSION = YES;
				CLANG_WARN_OBJC_IMPLICIT_RETAIN_SELF = YES;
				CLANG_WARN_OBJC_LITERAL_CONVERSION = YES;
				CLANG_WARN_OBJC_ROOT_CLASS = YES_ERROR;
				CLANG_WARN_QUOTED_INCLUDE_IN_FRAMEWORK_HEADER = YES;
				CLANG_WARN_RANGE_LOOP_ANALYSIS = YES;
				CLANG_WARN_STRICT_PROTOTYPES = YES;
				CLANG_WARN_SUSPICIOUS_MOVE = YES;
				CLANG_WARN_UNGUARDED_AVAILABILITY = YES_AGGRESSIVE;
				CLANG_WARN_UNREACHABLE_CODE = YES;
				CLANG_WARN__DUPLICATE_METHOD_MATCH = YES;
				COPY_PHASE_STRIP = NO;
				DEBUG_INFORMATION_FORMAT = "dwarf-with-dsym";
				ENABLE_NS_ASSERTIONS = NO;
				ENABLE_STRICT_OBJC_MSGSEND = YES;
				GCC_C_LANGUAGE_STANDARD = gnu11;
				GCC_NO_COMMON_BLOCKS = YES;
				GCC_WARN_64_TO_32_BIT_CONVERSION = YES;
				GCC_WARN_ABOUT_RETURN_TYPE = YES_ERROR;
				GCC_WARN_UNDECLARED_SELECTOR = YES;
				GCC_WARN_UNINITIALIZED_AUTOS = YES_AGGRESSIVE;
				GCC_WARN_UNUSED_FUNCTION = YES;
				GCC_WARN_UNUSED_VARIABLE = YES;
				IPHONEOS_DEPLOYMENT_TARGET = 15.2;
				MTL_ENABLE_DEBUG_INFO = NO;
				MTL_FAST_MATH = YES;
				SDKROOT = iphoneos;
				SWIFT_COMPILATION_MODE = wholemodule;
				SWIFT_OPTIMIZATION_LEVEL = "-O";
				VALIDATE_PRODUCT = YES;
			};
			name = Release;
		};
		90740C8127987E8C00C2DA36 /* Debug */ = {
			isa = XCBuildConfiguration;
			buildSettings = {
				ASSETCATALOG_COMPILER_APPICON_NAME = AppIcon;
				ASSETCATALOG_COMPILER_GLOBAL_ACCENT_COLOR_NAME = AccentColor;
				CODE_SIGN_STYLE = Automatic;
				CURRENT_PROJECT_VERSION = 1;
				DEVELOPMENT_ASSET_PATHS = "\"Regeneration/Preview Content\"";
				DEVELOPMENT_TEAM = Q4FVKJHX54;
				ENABLE_PREVIEWS = YES;
				GENERATE_INFOPLIST_FILE = YES;
				INFOPLIST_KEY_NSCameraUsageDescription = "The app captures any picture you want to take as the profile picture.";
				INFOPLIST_KEY_UIApplicationSceneManifest_Generation = YES;
				INFOPLIST_KEY_UIApplicationSupportsIndirectInputEvents = YES;
				INFOPLIST_KEY_UILaunchScreen_Generation = YES;
				INFOPLIST_KEY_UISupportedInterfaceOrientations_iPad = "UIInterfaceOrientationPortrait UIInterfaceOrientationPortraitUpsideDown UIInterfaceOrientationLandscapeLeft UIInterfaceOrientationLandscapeRight";
				INFOPLIST_KEY_UISupportedInterfaceOrientations_iPhone = "UIInterfaceOrientationPortrait UIInterfaceOrientationLandscapeLeft UIInterfaceOrientationLandscapeRight";
				LD_RUNPATH_SEARCH_PATHS = (
					"$(inherited)",
					"@executable_path/Frameworks",
				);
				MARKETING_VERSION = 1.0;
				PRODUCT_BUNDLE_IDENTIFIER = com.Regeneration;
				PRODUCT_NAME = "$(TARGET_NAME)";
				SWIFT_EMIT_LOC_STRINGS = YES;
				SWIFT_VERSION = 5.0;
				TARGETED_DEVICE_FAMILY = 1;
			};
			name = Debug;
		};
		90740C8227987E8C00C2DA36 /* Release */ = {
			isa = XCBuildConfiguration;
			buildSettings = {
				ASSETCATALOG_COMPILER_APPICON_NAME = AppIcon;
				ASSETCATALOG_COMPILER_GLOBAL_ACCENT_COLOR_NAME = AccentColor;
				CODE_SIGN_STYLE = Automatic;
				CURRENT_PROJECT_VERSION = 1;
				DEVELOPMENT_ASSET_PATHS = "\"Regeneration/Preview Content\"";
				DEVELOPMENT_TEAM = Q4FVKJHX54;
				ENABLE_PREVIEWS = YES;
				GENERATE_INFOPLIST_FILE = YES;
				INFOPLIST_KEY_NSCameraUsageDescription = "The app captures any picture you want to take as the profile picture.";
				INFOPLIST_KEY_UIApplicationSceneManifest_Generation = YES;
				INFOPLIST_KEY_UIApplicationSupportsIndirectInputEvents = YES;
				INFOPLIST_KEY_UILaunchScreen_Generation = YES;
				INFOPLIST_KEY_UISupportedInterfaceOrientations_iPad = "UIInterfaceOrientationPortrait UIInterfaceOrientationPortraitUpsideDown UIInterfaceOrientationLandscapeLeft UIInterfaceOrientationLandscapeRight";
				INFOPLIST_KEY_UISupportedInterfaceOrientations_iPhone = "UIInterfaceOrientationPortrait UIInterfaceOrientationLandscapeLeft UIInterfaceOrientationLandscapeRight";
				LD_RUNPATH_SEARCH_PATHS = (
					"$(inherited)",
					"@executable_path/Frameworks",
				);
				MARKETING_VERSION = 1.0;
				PRODUCT_BUNDLE_IDENTIFIER = com.Regeneration;
				PRODUCT_NAME = "$(TARGET_NAME)";
				SWIFT_EMIT_LOC_STRINGS = YES;
				SWIFT_VERSION = 5.0;
				TARGETED_DEVICE_FAMILY = 1;
			};
			name = Release;
		};
		90740C8427987E8C00C2DA36 /* Debug */ = {
			isa = XCBuildConfiguration;
			buildSettings = {
				ALWAYS_EMBED_SWIFT_STANDARD_LIBRARIES = YES;
				BUNDLE_LOADER = "$(TEST_HOST)";
				CODE_SIGN_STYLE = Automatic;
				CURRENT_PROJECT_VERSION = 1;
				DEVELOPMENT_TEAM = Q4FVKJHX54;
				GENERATE_INFOPLIST_FILE = YES;
				IPHONEOS_DEPLOYMENT_TARGET = 15.2;
				MARKETING_VERSION = 1.0;
				PRODUCT_BUNDLE_IDENTIFIER = com.RegenerationTests;
				PRODUCT_NAME = "$(TARGET_NAME)";
				SWIFT_EMIT_LOC_STRINGS = NO;
				SWIFT_VERSION = 5.0;
				TARGETED_DEVICE_FAMILY = "1,2";
				TEST_HOST = "$(BUILT_PRODUCTS_DIR)/Regeneration.app/Regeneration";
			};
			name = Debug;
		};
		90740C8527987E8C00C2DA36 /* Release */ = {
			isa = XCBuildConfiguration;
			buildSettings = {
				ALWAYS_EMBED_SWIFT_STANDARD_LIBRARIES = YES;
				BUNDLE_LOADER = "$(TEST_HOST)";
				CODE_SIGN_STYLE = Automatic;
				CURRENT_PROJECT_VERSION = 1;
				DEVELOPMENT_TEAM = Q4FVKJHX54;
				GENERATE_INFOPLIST_FILE = YES;
				IPHONEOS_DEPLOYMENT_TARGET = 15.2;
				MARKETING_VERSION = 1.0;
				PRODUCT_BUNDLE_IDENTIFIER = com.RegenerationTests;
				PRODUCT_NAME = "$(TARGET_NAME)";
				SWIFT_EMIT_LOC_STRINGS = NO;
				SWIFT_VERSION = 5.0;
				TARGETED_DEVICE_FAMILY = "1,2";
				TEST_HOST = "$(BUILT_PRODUCTS_DIR)/Regeneration.app/Regeneration";
			};
			name = Release;
		};
		90740C8727987E8C00C2DA36 /* Debug */ = {
			isa = XCBuildConfiguration;
			buildSettings = {
				ALWAYS_EMBED_SWIFT_STANDARD_LIBRARIES = YES;
				CODE_SIGN_STYLE = Automatic;
				CURRENT_PROJECT_VERSION = 1;
				DEVELOPMENT_TEAM = Q4FVKJHX54;
				GENERATE_INFOPLIST_FILE = YES;
				MARKETING_VERSION = 1.0;
				PRODUCT_BUNDLE_IDENTIFIER = com.RegenerationUITests;
				PRODUCT_NAME = "$(TARGET_NAME)";
				SWIFT_EMIT_LOC_STRINGS = NO;
				SWIFT_VERSION = 5.0;
				TARGETED_DEVICE_FAMILY = "1,2";
				TEST_TARGET_NAME = Regeneration;
			};
			name = Debug;
		};
		90740C8827987E8C00C2DA36 /* Release */ = {
			isa = XCBuildConfiguration;
			buildSettings = {
				ALWAYS_EMBED_SWIFT_STANDARD_LIBRARIES = YES;
				CODE_SIGN_STYLE = Automatic;
				CURRENT_PROJECT_VERSION = 1;
				DEVELOPMENT_TEAM = Q4FVKJHX54;
				GENERATE_INFOPLIST_FILE = YES;
				MARKETING_VERSION = 1.0;
				PRODUCT_BUNDLE_IDENTIFIER = com.RegenerationUITests;
				PRODUCT_NAME = "$(TARGET_NAME)";
				SWIFT_EMIT_LOC_STRINGS = NO;
				SWIFT_VERSION = 5.0;
				TARGETED_DEVICE_FAMILY = "1,2";
				TEST_TARGET_NAME = Regeneration;
			};
			name = Release;
		};
/* End XCBuildConfiguration section */

/* Begin XCConfigurationList section */
		90740C5227987E8A00C2DA36 /* Build configuration list for PBXProject "Regeneration" */ = {
			isa = XCConfigurationList;
			buildConfigurations = (
				90740C7E27987E8C00C2DA36 /* Debug */,
				90740C7F27987E8C00C2DA36 /* Release */,
			);
			defaultConfigurationIsVisible = 0;
			defaultConfigurationName = Release;
		};
		90740C8027987E8C00C2DA36 /* Build configuration list for PBXNativeTarget "Regeneration" */ = {
			isa = XCConfigurationList;
			buildConfigurations = (
				90740C8127987E8C00C2DA36 /* Debug */,
				90740C8227987E8C00C2DA36 /* Release */,
			);
			defaultConfigurationIsVisible = 0;
			defaultConfigurationName = Release;
		};
		90740C8327987E8C00C2DA36 /* Build configuration list for PBXNativeTarget "RegenerationTests" */ = {
			isa = XCConfigurationList;
			buildConfigurations = (
				90740C8427987E8C00C2DA36 /* Debug */,
				90740C8527987E8C00C2DA36 /* Release */,
			);
			defaultConfigurationIsVisible = 0;
			defaultConfigurationName = Release;
		};
		90740C8627987E8C00C2DA36 /* Build configuration list for PBXNativeTarget "RegenerationUITests" */ = {
			isa = XCConfigurationList;
			buildConfigurations = (
				90740C8727987E8C00C2DA36 /* Debug */,
				90740C8827987E8C00C2DA36 /* Release */,
			);
			defaultConfigurationIsVisible = 0;
			defaultConfigurationName = Release;
		};
/* End XCConfigurationList section */

/* Begin XCVersionGroup section */
		90740C6527987E8C00C2DA36 /* Regeneration.xcdatamodeld */ = {
			isa = XCVersionGroup;
			children = (
				90740C6627987E8C00C2DA36 /* Regeneration.xcdatamodel */,
			);
			currentVersion = 90740C6627987E8C00C2DA36 /* Regeneration.xcdatamodel */;
			path = Regeneration.xcdatamodeld;
			sourceTree = "<group>";
			versionGroupType = wrapper.xcdatamodel;
		};
/* End XCVersionGroup section */
	};
	rootObject = 90740C4F27987E8A00C2DA36 /* Project object */;
}
